
Microsoft Visual Studio Solution File, Format Version 12.00
# Visual Studio 15
VisualStudioVersion = 15.0.26730.10
MinimumVisualStudioVersion = 10.0.40219.1

Project("{D954291E-2A0B-460D-934E-DC6B0785DB48}") = "App1", "App1\App1\App1.shproj", "{03A81F56-E62A-489F-9468-852F6FAE25CE}"
EndProject


Project("{FAE04EC0-301F-11D3-BF4B-00C04F79EFBC}") = "App1.iOS", "App1\App1.iOS\App1.iOS.csproj", "{D2ABF980-C573-41FA-8925-866598D9B789}"
EndProject


Project("{FAE04EC0-301F-11D3-BF4B-00C04F79EFBC}") = "App1.Android", "App1\App1.Android\App1.Android.csproj", "{01E6D177-B3D1-439D-A47C-F256984C05AD}"
EndProject


Global
	GlobalSection(SolutionConfigurationPlatforms) = preSolution
		Ad-Hoc|Any CPU = Ad-Hoc|Any CPU
		Ad-Hoc|ARM = Ad-Hoc|ARM
		Ad-Hoc|iPhone = Ad-Hoc|iPhone
		Ad-Hoc|iPhoneSimulator = Ad-Hoc|iPhoneSimulator
		Ad-Hoc|x64 = Ad-Hoc|x64
		Ad-Hoc|x86 = Ad-Hoc|x86
		AppStore|Any CPU = AppStore|Any CPU
		AppStore|ARM = AppStore|ARM
		AppStore|iPhone = AppStore|iPhone
		AppStore|iPhoneSimulator = AppStore|iPhoneSimulator
		AppStore|x64 = AppStore|x64
		AppStore|x86 = AppStore|x86
		Debug|Any CPU = Debug|Any CPU
		Debug|ARM = Debug|ARM
		Debug|iPhone = Debug|iPhone
		Debug|iPhoneSimulator = Debug|iPhoneSimulator
		Debug|x64 = Debug|x64
		Debug|x86 = Debug|x86
		Release|Any CPU = Release|Any CPU
		Release|ARM = Release|ARM
		Release|iPhone = Release|iPhone
		Release|iPhoneSimulator = Release|iPhoneSimulator
		Release|x64 = Release|x64
		Release|x86 = Release|x86
	EndGlobalSection
	GlobalSection(ProjectConfigurationPlatforms) = postSolution
		{D761CCB8-3C0D-40DB-8557-F67329B9F815}.Ad-Hoc|Any CPU.ActiveCfg = Debug|Any CPU
		{D761CCB8-3C0D-40DB-8557-F67329B9F815}.Ad-Hoc|Any CPU.Build.0 = Debug|Any CPU
		{D761CCB8-3C0D-40DB-8557-F67329B9F815}.Ad-Hoc|ARM.ActiveCfg = Debug|Any CPU
		{D761CCB8-3C0D-40DB-8557-F67329B9F815}.Ad-Hoc|ARM.Build.0 = Debug|Any CPU
		{D761CCB8-3C0D-40DB-8557-F67329B9F815}.Ad-Hoc|iPhone.ActiveCfg = Debug|Any CPU
		{D761CCB8-3C0D-40DB-8557-F67329B9F815}.Ad-Hoc|iPhone.Build.0 = Debug|Any CPU
		{D761CCB8-3C0D-40DB-8557-F67329B9F815}.Ad-Hoc|iPhoneSimulator.ActiveCfg = Debug|Any CPU
		{D761CCB8-3C0D-40DB-8557-F67329B9F815}.Ad-Hoc|iPhoneSimulator.Build.0 = Debug|Any CPU
		{D761CCB8-3C0D-40DB-8557-F67329B9F815}.Ad-Hoc|x64.ActiveCfg = Debug|Any CPU
		{D761CCB8-3C0D-40DB-8557-F67329B9F815}.Ad-Hoc|x64.Build.0 = Debug|Any CPU
		{D761CCB8-3C0D-40DB-8557-F67329B9F815}.Ad-Hoc|x86.ActiveCfg = Debug|Any CPU
		{D761CCB8-3C0D-40DB-8557-F67329B9F815}.Ad-Hoc|x86.Build.0 = Debug|Any CPU
		{D761CCB8-3C0D-40DB-8557-F67329B9F815}.AppStore|Any CPU.ActiveCfg = Debug|Any CPU
		{D761CCB8-3C0D-40DB-8557-F67329B9F815}.AppStore|Any CPU.Build.0 = Debug|Any CPU
		{D761CCB8-3C0D-40DB-8557-F67329B9F815}.AppStore|ARM.ActiveCfg = Debug|Any CPU
		{D761CCB8-3C0D-40DB-8557-F67329B9F815}.AppStore|ARM.Build.0 = Debug|Any CPU
		{D761CCB8-3C0D-40DB-8557-F67329B9F815}.AppStore|iPhone.ActiveCfg = Debug|Any CPU
		{D761CCB8-3C0D-40DB-8557-F67329B9F815}.AppStore|iPhone.Build.0 = Debug|Any CPU
		{D761CCB8-3C0D-40DB-8557-F67329B9F815}.AppStore|iPhoneSimulator.ActiveCfg = Debug|Any CPU
		{D761CCB8-3C0D-40DB-8557-F67329B9F815}.AppStore|iPhoneSimulator.Build.0 = Debug|Any CPU
		{D761CCB8-3C0D-40DB-8557-F67329B9F815}.AppStore|x64.ActiveCfg = Debug|Any CPU
		{D761CCB8-3C0D-40DB-8557-F67329B9F815}.AppStore|x64.Build.0 = Debug|Any CPU
		{D761CCB8-3C0D-40DB-8557-F67329B9F815}.AppStore|x86.ActiveCfg = Debug|Any CPU
		{D761CCB8-3C0D-40DB-8557-F67329B9F815}.AppStore|x86.Build.0 = Debug|Any CPU
		{D761CCB8-3C0D-40DB-8557-F67329B9F815}.Debug|Any CPU.ActiveCfg = Debug|Any CPU
		{D761CCB8-3C0D-40DB-8557-F67329B9F815}.Debug|Any CPU.Build.0 = Debug|Any CPU
		{D761CCB8-3C0D-40DB-8557-F67329B9F815}.Debug|ARM.ActiveCfg = Debug|Any CPU
		{D761CCB8-3C0D-40DB-8557-F67329B9F815}.Debug|ARM.Build.0 = Debug|Any CPU
		{D761CCB8-3C0D-40DB-8557-F67329B9F815}.Debug|iPhone.ActiveCfg = Debug|Any CPU
		{D761CCB8-3C0D-40DB-8557-F67329B9F815}.Debug|iPhone.Build.0 = Debug|Any CPU
		{D761CCB8-3C0D-40DB-8557-F67329B9F815}.Debug|iPhoneSimulator.ActiveCfg = Debug|Any CPU
		{D761CCB8-3C0D-40DB-8557-F67329B9F815}.Debug|iPhoneSimulator.Build.0 = Debug|Any CPU
		{D761CCB8-3C0D-40DB-8557-F67329B9F815}.Debug|x64.ActiveCfg = Debug|Any CPU
		{D761CCB8-3C0D-40DB-8557-F67329B9F815}.Debug|x64.Build.0 = Debug|Any CPU
		{D761CCB8-3C0D-40DB-8557-F67329B9F815}.Debug|x86.ActiveCfg = Debug|Any CPU
		{D761CCB8-3C0D-40DB-8557-F67329B9F815}.Debug|x86.Build.0 = Debug|Any CPU
		{D761CCB8-3C0D-40DB-8557-F67329B9F815}.Release|Any CPU.ActiveCfg = Release|Any CPU
		{D761CCB8-3C0D-40DB-8557-F67329B9F815}.Release|Any CPU.Build.0 = Release|Any CPU
		{D761CCB8-3C0D-40DB-8557-F67329B9F815}.Release|ARM.ActiveCfg = Release|Any CPU
		{D761CCB8-3C0D-40DB-8557-F67329B9F815}.Release|ARM.Build.0 = Release|Any CPU
		{D761CCB8-3C0D-40DB-8557-F67329B9F815}.Release|iPhone.ActiveCfg = Release|Any CPU
		{D761CCB8-3C0D-40DB-8557-F67329B9F815}.Release|iPhone.Build.0 = Release|Any CPU
		{D761CCB8-3C0D-40DB-8557-F67329B9F815}.Release|iPhoneSimulator.ActiveCfg = Release|Any CPU
		{D761CCB8-3C0D-40DB-8557-F67329B9F815}.Release|iPhoneSimulator.Build.0 = Release|Any CPU
		{D761CCB8-3C0D-40DB-8557-F67329B9F815}.Release|x64.ActiveCfg = Release|Any CPU
		{D761CCB8-3C0D-40DB-8557-F67329B9F815}.Release|x64.Build.0 = Release|Any CPU
		{D761CCB8-3C0D-40DB-8557-F67329B9F815}.Release|x86.ActiveCfg = Release|Any CPU
		{D761CCB8-3C0D-40DB-8557-F67329B9F815}.Release|x86.Build.0 = Release|Any CPU
		{D2ABF980-C573-41FA-8925-866598D9B789}.Ad-Hoc|Any CPU.ActiveCfg = Ad-Hoc|iPhone
		{D2ABF980-C573-41FA-8925-866598D9B789}.Ad-Hoc|ARM.ActiveCfg = Ad-Hoc|iPhone
		{D2ABF980-C573-41FA-8925-866598D9B789}.Ad-Hoc|iPhone.ActiveCfg = Ad-Hoc|iPhone
		{D2ABF980-C573-41FA-8925-866598D9B789}.Ad-Hoc|iPhone.Build.0 = Ad-Hoc|iPhone
		{D2ABF980-C573-41FA-8925-866598D9B789}.Ad-Hoc|iPhoneSimulator.ActiveCfg = Ad-Hoc|iPhoneSimulator
		{D2ABF980-C573-41FA-8925-866598D9B789}.Ad-Hoc|iPhoneSimulator.Build.0 = Ad-Hoc|iPhoneSimulator
		{D2ABF980-C573-41FA-8925-866598D9B789}.Ad-Hoc|x64.ActiveCfg = Ad-Hoc|iPhone
		{D2ABF980-C573-41FA-8925-866598D9B789}.Ad-Hoc|x86.ActiveCfg = Ad-Hoc|iPhone
		{D2ABF980-C573-41FA-8925-866598D9B789}.AppStore|Any CPU.ActiveCfg = AppStore|iPhone
		{D2ABF980-C573-41FA-8925-866598D9B789}.AppStore|ARM.ActiveCfg = AppStore|iPhone
		{D2ABF980-C573-41FA-8925-866598D9B789}.AppStore|iPhone.ActiveCfg = AppStore|iPhone
		{D2ABF980-C573-41FA-8925-866598D9B789}.AppStore|iPhone.Build.0 = AppStore|iPhone
		{D2ABF980-C573-41FA-8925-866598D9B789}.AppStore|iPhoneSimulator.ActiveCfg = AppStore|iPhoneSimulator
		{D2ABF980-C573-41FA-8925-866598D9B789}.AppStore|iPhoneSimulator.Build.0 = AppStore|iPhoneSimulator
		{D2ABF980-C573-41FA-8925-866598D9B789}.AppStore|x64.ActiveCfg = AppStore|iPhone
		{D2ABF980-C573-41FA-8925-866598D9B789}.AppStore|x86.ActiveCfg = AppStore|iPhone
		{D2ABF980-C573-41FA-8925-866598D9B789}.Debug|Any CPU.ActiveCfg = Debug|iPhone
		{D2ABF980-C573-41FA-8925-866598D9B789}.Debug|ARM.ActiveCfg = Debug|iPhone
		{D2ABF980-C573-41FA-8925-866598D9B789}.Debug|iPhone.ActiveCfg = Debug|iPhone
		{D2ABF980-C573-41FA-8925-866598D9B789}.Debug|iPhone.Build.0 = Debug|iPhone
		{D2ABF980-C573-41FA-8925-866598D9B789}.Debug|iPhoneSimulator.ActiveCfg = Debug|iPhoneSimulator
		{D2ABF980-C573-41FA-8925-866598D9B789}.Debug|iPhoneSimulator.Build.0 = Debug|iPhoneSimulator
		{D2ABF980-C573-41FA-8925-866598D9B789}.Debug|x64.ActiveCfg = Debug|iPhone
		{D2ABF980-C573-41FA-8925-866598D9B789}.Debug|x86.ActiveCfg = Debug|iPhone
		{D2ABF980-C573-41FA-8925-866598D9B789}.Release|Any CPU.ActiveCfg = Release|iPhone
		{D2ABF980-C573-41FA-8925-866598D9B789}.Release|ARM.ActiveCfg = Release|iPhone
		{D2ABF980-C573-41FA-8925-866598D9B789}.Release|iPhone.ActiveCfg = Release|iPhone
		{D2ABF980-C573-41FA-8925-866598D9B789}.Release|iPhone.Build.0 = Release|iPhone
		{D2ABF980-C573-41FA-8925-866598D9B789}.Release|iPhoneSimulator.ActiveCfg = Release|iPhoneSimulator
		{D2ABF980-C573-41FA-8925-866598D9B789}.Release|iPhoneSimulator.Build.0 = Release|iPhoneSimulator
		{D2ABF980-C573-41FA-8925-866598D9B789}.Release|x64.ActiveCfg = Release|iPhone
		{D2ABF980-C573-41FA-8925-866598D9B789}.Release|x86.ActiveCfg = Release|iPhone
		{252CAD8B-540C-437B-8B98-24DBDC7008BF}.Ad-Hoc|Any CPU.ActiveCfg = Release|x86
		{252CAD8B-540C-437B-8B98-24DBDC7008BF}.Ad-Hoc|Any CPU.Build.0 = Release|x86
		{252CAD8B-540C-437B-8B98-24DBDC7008BF}.Ad-Hoc|Any CPU.Deploy.0 = Release|x86
		{252CAD8B-540C-437B-8B98-24DBDC7008BF}.Ad-Hoc|ARM.ActiveCfg = Release|ARM
		{252CAD8B-540C-437B-8B98-24DBDC7008BF}.Ad-Hoc|ARM.Build.0 = Release|ARM
		{252CAD8B-540C-437B-8B98-24DBDC7008BF}.Ad-Hoc|ARM.Deploy.0 = Release|ARM
		{252CAD8B-540C-437B-8B98-24DBDC7008BF}.Ad-Hoc|iPhone.ActiveCfg = Release|x86
		{252CAD8B-540C-437B-8B98-24DBDC7008BF}.Ad-Hoc|iPhone.Build.0 = Release|x86
		{252CAD8B-540C-437B-8B98-24DBDC7008BF}.Ad-Hoc|iPhone.Deploy.0 = Release|x86
		{252CAD8B-540C-437B-8B98-24DBDC7008BF}.Ad-Hoc|iPhoneSimulator.ActiveCfg = Release|x86
		{252CAD8B-540C-437B-8B98-24DBDC7008BF}.Ad-Hoc|iPhoneSimulator.Build.0 = Release|x86
		{252CAD8B-540C-437B-8B98-24DBDC7008BF}.Ad-Hoc|iPhoneSimulator.Deploy.0 = Release|x86
		{252CAD8B-540C-437B-8B98-24DBDC7008BF}.Ad-Hoc|x64.ActiveCfg = Release|x64
		{252CAD8B-540C-437B-8B98-24DBDC7008BF}.Ad-Hoc|x64.Build.0 = Release|x64
		{252CAD8B-540C-437B-8B98-24DBDC7008BF}.Ad-Hoc|x64.Deploy.0 = Release|x64
		{252CAD8B-540C-437B-8B98-24DBDC7008BF}.Ad-Hoc|x86.ActiveCfg = Release|x86
		{252CAD8B-540C-437B-8B98-24DBDC7008BF}.Ad-Hoc|x86.Build.0 = Release|x86
		{252CAD8B-540C-437B-8B98-24DBDC7008BF}.Ad-Hoc|x86.Deploy.0 = Release|x86
		{252CAD8B-540C-437B-8B98-24DBDC7008BF}.AppStore|Any CPU.ActiveCfg = Release|x86
		{252CAD8B-540C-437B-8B98-24DBDC7008BF}.AppStore|Any CPU.Build.0 = Release|x86
		{252CAD8B-540C-437B-8B98-24DBDC7008BF}.AppStore|Any CPU.Deploy.0 = Release|x86
		{252CAD8B-540C-437B-8B98-24DBDC7008BF}.AppStore|ARM.ActiveCfg = Release|ARM
		{252CAD8B-540C-437B-8B98-24DBDC7008BF}.AppStore|ARM.Build.0 = Release|ARM
		{252CAD8B-540C-437B-8B98-24DBDC7008BF}.AppStore|ARM.Deploy.0 = Release|ARM
		{252CAD8B-540C-437B-8B98-24DBDC7008BF}.AppStore|iPhone.ActiveCfg = Release|x86
		{252CAD8B-540C-437B-8B98-24DBDC7008BF}.AppStore|iPhone.Build.0 = Release|x86
		{252CAD8B-540C-437B-8B98-24DBDC7008BF}.AppStore|iPhone.Deploy.0 = Release|x86
		{252CAD8B-540C-437B-8B98-24DBDC7008BF}.AppStore|iPhoneSimulator.ActiveCfg = Release|x86
		{252CAD8B-540C-437B-8B98-24DBDC7008BF}.AppStore|iPhoneSimulator.Build.0 = Release|x86
		{252CAD8B-540C-437B-8B98-24DBDC7008BF}.AppStore|iPhoneSimulator.Deploy.0 = Release|x86
		{252CAD8B-540C-437B-8B98-24DBDC7008BF}.AppStore|x64.ActiveCfg = Release|x64
		{252CAD8B-540C-437B-8B98-24DBDC7008BF}.AppStore|x64.Build.0 = Release|x64
		{252CAD8B-540C-437B-8B98-24DBDC7008BF}.AppStore|x64.Deploy.0 = Release|x64
		{252CAD8B-540C-437B-8B98-24DBDC7008BF}.AppStore|x86.ActiveCfg = Release|x86
		{252CAD8B-540C-437B-8B98-24DBDC7008BF}.AppStore|x86.Build.0 = Release|x86
		{252CAD8B-540C-437B-8B98-24DBDC7008BF}.AppStore|x86.Deploy.0 = Release|x86
		{252CAD8B-540C-437B-8B98-24DBDC7008BF}.Debug|Any CPU.ActiveCfg = Debug|x86
		{252CAD8B-540C-437B-8B98-24DBDC7008BF}.Debug|ARM.ActiveCfg = Debug|ARM
		{252CAD8B-540C-437B-8B98-24DBDC7008BF}.Debug|ARM.Build.0 = Debug|ARM
		{252CAD8B-540C-437B-8B98-24DBDC7008BF}.Debug|ARM.Deploy.0 = Debug|ARM
		{252CAD8B-540C-437B-8B98-24DBDC7008BF}.Debug|iPhone.ActiveCfg = Debug|x86
		{252CAD8B-540C-437B-8B98-24DBDC7008BF}.Debug|iPhoneSimulator.ActiveCfg = Debug|x86
		{252CAD8B-540C-437B-8B98-24DBDC7008BF}.Debug|x64.ActiveCfg = Debug|x64
		{252CAD8B-540C-437B-8B98-24DBDC7008BF}.Debug|x64.Build.0 = Debug|x64
		{252CAD8B-540C-437B-8B98-24DBDC7008BF}.Debug|x64.Deploy.0 = Debug|x64
		{252CAD8B-540C-437B-8B98-24DBDC7008BF}.Debug|x86.ActiveCfg = Debug|x86
		{252CAD8B-540C-437B-8B98-24DBDC7008BF}.Debug|x86.Build.0 = Debug|x86
		{252CAD8B-540C-437B-8B98-24DBDC7008BF}.Debug|x86.Deploy.0 = Debug|x86
		{252CAD8B-540C-437B-8B98-24DBDC7008BF}.Release|Any CPU.ActiveCfg = Release|x86
		{252CAD8B-540C-437B-8B98-24DBDC7008BF}.Release|ARM.ActiveCfg = Release|ARM
		{252CAD8B-540C-437B-8B98-24DBDC7008BF}.Release|ARM.Build.0 = Release|ARM
		{252CAD8B-540C-437B-8B98-24DBDC7008BF}.Release|ARM.Deploy.0 = Release|ARM
		{252CAD8B-540C-437B-8B98-24DBDC7008BF}.Release|iPhone.ActiveCfg = Release|x86
		{252CAD8B-540C-437B-8B98-24DBDC7008BF}.Release|iPhoneSimulator.ActiveCfg = Release|x86
		{252CAD8B-540C-437B-8B98-24DBDC7008BF}.Release|x64.ActiveCfg = Release|x64
		{252CAD8B-540C-437B-8B98-24DBDC7008BF}.Release|x64.Build.0 = Release|x64
		{252CAD8B-540C-437B-8B98-24DBDC7008BF}.Release|x64.Deploy.0 = Release|x64
		{252CAD8B-540C-437B-8B98-24DBDC7008BF}.Release|x86.ActiveCfg = Release|x86
		{252CAD8B-540C-437B-8B98-24DBDC7008BF}.Release|x86.Build.0 = Release|x86
		{252CAD8B-540C-437B-8B98-24DBDC7008BF}.Release|x86.Deploy.0 = Release|x86
		{20FDA6ED-B68E-4610-807B-F358668F181E}.Ad-Hoc|Any CPU.ActiveCfg = Release|Any CPU
		{20FDA6ED-B68E-4610-807B-F358668F181E}.Ad-Hoc|Any CPU.Build.0 = Release|Any CPU
		{20FDA6ED-B68E-4610-807B-F358668F181E}.Ad-Hoc|Any CPU.Deploy.0 = Release|Any CPU
		{20FDA6ED-B68E-4610-807B-F358668F181E}.Ad-Hoc|ARM.ActiveCfg = Release|Any CPU
		{20FDA6ED-B68E-4610-807B-F358668F181E}.Ad-Hoc|ARM.Build.0 = Release|Any CPU
		{20FDA6ED-B68E-4610-807B-F358668F181E}.Ad-Hoc|ARM.Deploy.0 = Release|Any CPU
		{20FDA6ED-B68E-4610-807B-F358668F181E}.Ad-Hoc|iPhone.ActiveCfg = Release|Any CPU
		{20FDA6ED-B68E-4610-807B-F358668F181E}.Ad-Hoc|iPhone.Build.0 = Release|Any CPU
		{20FDA6ED-B68E-4610-807B-F358668F181E}.Ad-Hoc|iPhone.Deploy.0 = Release|Any CPU
		{20FDA6ED-B68E-4610-807B-F358668F181E}.Ad-Hoc|iPhoneSimulator.ActiveCfg = Release|Any CPU
		{20FDA6ED-B68E-4610-807B-F358668F181E}.Ad-Hoc|iPhoneSimulator.Build.0 = Release|Any CPU
		{20FDA6ED-B68E-4610-807B-F358668F181E}.Ad-Hoc|iPhoneSimulator.Deploy.0 = Release|Any CPU
		{20FDA6ED-B68E-4610-807B-F358668F181E}.Ad-Hoc|x64.ActiveCfg = Release|Any CPU
		{20FDA6ED-B68E-4610-807B-F358668F181E}.Ad-Hoc|x64.Build.0 = Release|Any CPU
		{20FDA6ED-B68E-4610-807B-F358668F181E}.Ad-Hoc|x64.Deploy.0 = Release|Any CPU
		{20FDA6ED-B68E-4610-807B-F358668F181E}.Ad-Hoc|x86.ActiveCfg = Release|Any CPU
		{20FDA6ED-B68E-4610-807B-F358668F181E}.Ad-Hoc|x86.Build.0 = Release|Any CPU
		{20FDA6ED-B68E-4610-807B-F358668F181E}.Ad-Hoc|x86.Deploy.0 = Release|Any CPU
		{20FDA6ED-B68E-4610-807B-F358668F181E}.AppStore|Any CPU.ActiveCfg = Release|Any CPU
		{20FDA6ED-B68E-4610-807B-F358668F181E}.AppStore|Any CPU.Build.0 = Release|Any CPU
		{20FDA6ED-B68E-4610-807B-F358668F181E}.AppStore|Any CPU.Deploy.0 = Release|Any CPU
		{20FDA6ED-B68E-4610-807B-F358668F181E}.AppStore|ARM.ActiveCfg = Release|Any CPU
		{20FDA6ED-B68E-4610-807B-F358668F181E}.AppStore|ARM.Build.0 = Release|Any CPU
		{20FDA6ED-B68E-4610-807B-F358668F181E}.AppStore|ARM.Deploy.0 = Release|Any CPU
		{20FDA6ED-B68E-4610-807B-F358668F181E}.AppStore|iPhone.ActiveCfg = Release|Any CPU
		{20FDA6ED-B68E-4610-807B-F358668F181E}.AppStore|iPhone.Build.0 = Release|Any CPU
		{20FDA6ED-B68E-4610-807B-F358668F181E}.AppStore|iPhone.Deploy.0 = Release|Any CPU
		{20FDA6ED-B68E-4610-807B-F358668F181E}.AppStore|iPhoneSimulator.ActiveCfg = Release|Any CPU
		{20FDA6ED-B68E-4610-807B-F358668F181E}.AppStore|iPhoneSimulator.Build.0 = Release|Any CPU
		{20FDA6ED-B68E-4610-807B-F358668F181E}.AppStore|iPhoneSimulator.Deploy.0 = Release|Any CPU
		{20FDA6ED-B68E-4610-807B-F358668F181E}.AppStore|x64.ActiveCfg = Release|Any CPU
		{20FDA6ED-B68E-4610-807B-F358668F181E}.AppStore|x64.Build.0 = Release|Any CPU
		{20FDA6ED-B68E-4610-807B-F358668F181E}.AppStore|x64.Deploy.0 = Release|Any CPU
		{20FDA6ED-B68E-4610-807B-F358668F181E}.AppStore|x86.ActiveCfg = Release|Any CPU
		{20FDA6ED-B68E-4610-807B-F358668F181E}.AppStore|x86.Build.0 = Release|Any CPU
		{20FDA6ED-B68E-4610-807B-F358668F181E}.AppStore|x86.Deploy.0 = Release|Any CPU
		{20FDA6ED-B68E-4610-807B-F358668F181E}.Debug|Any CPU.ActiveCfg = Debug|Any CPU
		{20FDA6ED-B68E-4610-807B-F358668F181E}.Debug|Any CPU.Build.0 = Debug|Any CPU
		{20FDA6ED-B68E-4610-807B-F358668F181E}.Debug|Any CPU.Deploy.0 = Debug|Any CPU
		{20FDA6ED-B68E-4610-807B-F358668F181E}.Debug|ARM.ActiveCfg = Debug|Any CPU
		{20FDA6ED-B68E-4610-807B-F358668F181E}.Debug|ARM.Build.0 = Debug|Any CPU
		{20FDA6ED-B68E-4610-807B-F358668F181E}.Debug|ARM.Deploy.0 = Debug|Any CPU
		{20FDA6ED-B68E-4610-807B-F358668F181E}.Debug|iPhone.ActiveCfg = Debug|Any CPU
		{20FDA6ED-B68E-4610-807B-F358668F181E}.Debug|iPhone.Build.0 = Debug|Any CPU
		{20FDA6ED-B68E-4610-807B-F358668F181E}.Debug|iPhone.Deploy.0 = Debug|Any CPU
		{20FDA6ED-B68E-4610-807B-F358668F181E}.Debug|iPhoneSimulator.ActiveCfg = Debug|Any CPU
		{20FDA6ED-B68E-4610-807B-F358668F181E}.Debug|iPhoneSimulator.Build.0 = Debug|Any CPU
		{20FDA6ED-B68E-4610-807B-F358668F181E}.Debug|iPhoneSimulator.Deploy.0 = Debug|Any CPU
		{20FDA6ED-B68E-4610-807B-F358668F181E}.Debug|x64.ActiveCfg = Debug|Any CPU
		{20FDA6ED-B68E-4610-807B-F358668F181E}.Debug|x64.Build.0 = Debug|Any CPU
		{20FDA6ED-B68E-4610-807B-F358668F181E}.Debug|x64.Deploy.0 = Debug|Any CPU
		{20FDA6ED-B68E-4610-807B-F358668F181E}.Debug|x86.ActiveCfg = Debug|Any CPU
		{20FDA6ED-B68E-4610-807B-F358668F181E}.Debug|x86.Build.0 = Debug|Any CPU
		{20FDA6ED-B68E-4610-807B-F358668F181E}.Debug|x86.Deploy.0 = Debug|Any CPU
		{20FDA6ED-B68E-4610-807B-F358668F181E}.Release|Any CPU.ActiveCfg = Release|Any CPU
		{20FDA6ED-B68E-4610-807B-F358668F181E}.Release|Any CPU.Build.0 = Release|Any CPU
		{20FDA6ED-B68E-4610-807B-F358668F181E}.Release|Any CPU.Deploy.0 = Release|Any CPU
		{20FDA6ED-B68E-4610-807B-F358668F181E}.Release|ARM.ActiveCfg = Release|Any CPU
		{20FDA6ED-B68E-4610-807B-F358668F181E}.Release|ARM.Build.0 = Release|Any CPU
		{20FDA6ED-B68E-4610-807B-F358668F181E}.Release|ARM.Deploy.0 = Release|Any CPU
		{20FDA6ED-B68E-4610-807B-F358668F181E}.Release|iPhone.ActiveCfg = Release|Any CPU
		{20FDA6ED-B68E-4610-807B-F358668F181E}.Release|iPhone.Build.0 = Release|Any CPU
		{20FDA6ED-B68E-4610-807B-F358668F181E}.Release|iPhone.Deploy.0 = Release|Any CPU
		{20FDA6ED-B68E-4610-807B-F358668F181E}.Release|iPhoneSimulator.ActiveCfg = Release|Any CPU
		{20FDA6ED-B68E-4610-807B-F358668F181E}.Release|iPhoneSimulator.Build.0 = Release|Any CPU
		{20FDA6ED-B68E-4610-807B-F358668F181E}.Release|iPhoneSimulator.Deploy.0 = Release|Any CPU
		{20FDA6ED-B68E-4610-807B-F358668F181E}.Release|x64.ActiveCfg = Release|Any CPU
		{20FDA6ED-B68E-4610-807B-F358668F181E}.Release|x64.Build.0 = Release|Any CPU
		{20FDA6ED-B68E-4610-807B-F358668F181E}.Release|x64.Deploy.0 = Release|Any CPU
		{20FDA6ED-B68E-4610-807B-F358668F181E}.Release|x86.ActiveCfg = Release|Any CPU
		{20FDA6ED-B68E-4610-807B-F358668F181E}.Release|x86.Build.0 = Release|Any CPU
		{20FDA6ED-B68E-4610-807B-F358668F181E}.Release|x86.Deploy.0 = Release|Any CPU
		{B445DF73-AC9E-4276-9FBA-7CB5AD5D2518}.Ad-Hoc|Any CPU.ActiveCfg = Release|Any CPU
		{B445DF73-AC9E-4276-9FBA-7CB5AD5D2518}.Ad-Hoc|Any CPU.Build.0 = Release|Any CPU
		{B445DF73-AC9E-4276-9FBA-7CB5AD5D2518}.Ad-Hoc|ARM.ActiveCfg = Release|Any CPU
		{B445DF73-AC9E-4276-9FBA-7CB5AD5D2518}.Ad-Hoc|ARM.Build.0 = Release|Any CPU
		{B445DF73-AC9E-4276-9FBA-7CB5AD5D2518}.Ad-Hoc|iPhone.ActiveCfg = Release|Any CPU
		{B445DF73-AC9E-4276-9FBA-7CB5AD5D2518}.Ad-Hoc|iPhone.Build.0 = Release|Any CPU
		{B445DF73-AC9E-4276-9FBA-7CB5AD5D2518}.Ad-Hoc|iPhoneSimulator.ActiveCfg = Release|Any CPU
		{B445DF73-AC9E-4276-9FBA-7CB5AD5D2518}.Ad-Hoc|iPhoneSimulator.Build.0 = Release|Any CPU
		{B445DF73-AC9E-4276-9FBA-7CB5AD5D2518}.Ad-Hoc|x64.ActiveCfg = Release|Any CPU
		{B445DF73-AC9E-4276-9FBA-7CB5AD5D2518}.Ad-Hoc|x64.Build.0 = Release|Any CPU
		{B445DF73-AC9E-4276-9FBA-7CB5AD5D2518}.Ad-Hoc|x86.ActiveCfg = Release|Any CPU
		{B445DF73-AC9E-4276-9FBA-7CB5AD5D2518}.Ad-Hoc|x86.Build.0 = Release|Any CPU
		{B445DF73-AC9E-4276-9FBA-7CB5AD5D2518}.AppStore|Any CPU.ActiveCfg = Release|Any CPU
		{B445DF73-AC9E-4276-9FBA-7CB5AD5D2518}.AppStore|Any CPU.Build.0 = Release|Any CPU
		{B445DF73-AC9E-4276-9FBA-7CB5AD5D2518}.AppStore|ARM.ActiveCfg = Release|Any CPU
		{B445DF73-AC9E-4276-9FBA-7CB5AD5D2518}.AppStore|ARM.Build.0 = Release|Any CPU
		{B445DF73-AC9E-4276-9FBA-7CB5AD5D2518}.AppStore|iPhone.ActiveCfg = Release|Any CPU
		{B445DF73-AC9E-4276-9FBA-7CB5AD5D2518}.AppStore|iPhone.Build.0 = Release|Any CPU
		{B445DF73-AC9E-4276-9FBA-7CB5AD5D2518}.AppStore|iPhoneSimulator.ActiveCfg = Release|Any CPU
		{B445DF73-AC9E-4276-9FBA-7CB5AD5D2518}.AppStore|iPhoneSimulator.Build.0 = Release|Any CPU
		{B445DF73-AC9E-4276-9FBA-7CB5AD5D2518}.AppStore|x64.ActiveCfg = Release|Any CPU
		{B445DF73-AC9E-4276-9FBA-7CB5AD5D2518}.AppStore|x64.Build.0 = Release|Any CPU
		{B445DF73-AC9E-4276-9FBA-7CB5AD5D2518}.AppStore|x86.ActiveCfg = Release|Any CPU
		{B445DF73-AC9E-4276-9FBA-7CB5AD5D2518}.AppStore|x86.Build.0 = Release|Any CPU
		{B445DF73-AC9E-4276-9FBA-7CB5AD5D2518}.Debug|Any CPU.ActiveCfg = Debug|Any CPU
		{B445DF73-AC9E-4276-9FBA-7CB5AD5D2518}.Debug|Any CPU.Build.0 = Debug|Any CPU
		{B445DF73-AC9E-4276-9FBA-7CB5AD5D2518}.Debug|ARM.ActiveCfg = Debug|Any CPU
		{B445DF73-AC9E-4276-9FBA-7CB5AD5D2518}.Debug|ARM.Build.0 = Debug|Any CPU
		{B445DF73-AC9E-4276-9FBA-7CB5AD5D2518}.Debug|iPhone.ActiveCfg = Debug|Any CPU
		{B445DF73-AC9E-4276-9FBA-7CB5AD5D2518}.Debug|iPhone.Build.0 = Debug|Any CPU
		{B445DF73-AC9E-4276-9FBA-7CB5AD5D2518}.Debug|iPhoneSimulator.ActiveCfg = Debug|Any CPU
		{B445DF73-AC9E-4276-9FBA-7CB5AD5D2518}.Debug|iPhoneSimulator.Build.0 = Debug|Any CPU
		{B445DF73-AC9E-4276-9FBA-7CB5AD5D2518}.Debug|x64.ActiveCfg = Debug|Any CPU
		{B445DF73-AC9E-4276-9FBA-7CB5AD5D2518}.Debug|x64.Build.0 = Debug|Any CPU
		{B445DF73-AC9E-4276-9FBA-7CB5AD5D2518}.Debug|x86.ActiveCfg = Debug|Any CPU
		{B445DF73-AC9E-4276-9FBA-7CB5AD5D2518}.Debug|x86.Build.0 = Debug|Any CPU
		{B445DF73-AC9E-4276-9FBA-7CB5AD5D2518}.Release|Any CPU.ActiveCfg = Release|Any CPU
		{B445DF73-AC9E-4276-9FBA-7CB5AD5D2518}.Release|Any CPU.Build.0 = Release|Any CPU
		{B445DF73-AC9E-4276-9FBA-7CB5AD5D2518}.Release|ARM.ActiveCfg = Release|Any CPU
		{B445DF73-AC9E-4276-9FBA-7CB5AD5D2518}.Release|ARM.Build.0 = Release|Any CPU
		{B445DF73-AC9E-4276-9FBA-7CB5AD5D2518}.Release|iPhone.ActiveCfg = Release|Any CPU
		{B445DF73-AC9E-4276-9FBA-7CB5AD5D2518}.Release|iPhone.Build.0 = Release|Any CPU
		{B445DF73-AC9E-4276-9FBA-7CB5AD5D2518}.Release|iPhoneSimulator.ActiveCfg = Release|Any CPU
		{B445DF73-AC9E-4276-9FBA-7CB5AD5D2518}.Release|iPhoneSimulator.Build.0 = Release|Any CPU
		{B445DF73-AC9E-4276-9FBA-7CB5AD5D2518}.Release|x64.ActiveCfg = Release|Any CPU
		{B445DF73-AC9E-4276-9FBA-7CB5AD5D2518}.Release|x64.Build.0 = Release|Any CPU
		{B445DF73-AC9E-4276-9FBA-7CB5AD5D2518}.Release|x86.ActiveCfg = Release|Any CPU
		{B445DF73-AC9E-4276-9FBA-7CB5AD5D2518}.Release|x86.Build.0 = Release|Any CPU
	EndGlobalSection
	GlobalSection(SolutionProperties) = preSolution
		HideSolutionNode = FALSE
	EndGlobalSection
	GlobalSection(ExtensibilityGlobals) = postSolution
		SolutionGuid = {F6D05029-56B8-4E45-AF2D-0E76295DDBA2}
	EndGlobalSection
EndGlobal
